
Microsoft Visual Studio Solution File, Format Version 12.00
# Visual Studio Version 16
VisualStudioVersion = 16.0.31624.102
MinimumVisualStudioVersion = 10.0.40219.1
Project("{9A19103F-16F7-4668-BE54-9A1E7A4F7556}") = "код", "код.csproj", "{0CB1543A-05AE-4577-A85F-9BB9A466FC96}"
EndProject
Project("{2150E333-8FDC-42A3-9474-1A3956D46DE8}") = "Solution Items", "Solution Items", "{400D71DF-1487-44B9-B545-C9BB7726E033}"
	ProjectSection(SolutionItems) = preProject
		.editorconfig = .editorconfig
		ArchivedCriminal.cs = ArchivedCriminal.cs
		Class1.cs = Class1.cs
		Class2.cs = Class2.cs
		Class3.cs = Class3.cs
		Class4.cs = Class4.cs
		Form1.cs = Form1.cs
		MainForm.cs = MainForm.cs
		Program.cs = Program.cs
	EndProjectSection
EndProject
Global
	GlobalSection(SolutionConfigurationPlatforms) = preSolution
		Debug|Any CPU = Debug|Any CPU
		Release|Any CPU = Release|Any CPU
	EndGlobalSection
	GlobalSection(ProjectConfigurationPlatforms) = postSolution
		{0CB1543A-05AE-4577-A85F-9BB9A466FC96}.Debug|Any CPU.ActiveCfg = Debug|Any CPU
		{0CB1543A-05AE-4577-A85F-9BB9A466FC96}.Debug|Any CPU.Build.0 = Debug|Any CPU
		{0CB1543A-05AE-4577-A85F-9BB9A466FC96}.Release|Any CPU.ActiveCfg = Release|Any CPU
		{0CB1543A-05AE-4577-A85F-9BB9A466FC96}.Release|Any CPU.Build.0 = Release|Any CPU
	EndGlobalSection
	GlobalSection(SolutionProperties) = preSolution
		HideSolutionNode = FALSE
	EndGlobalSection
	GlobalSection(ExtensibilityGlobals) = postSolution
		SolutionGuid = {28FC6F45-6DD1-4A50-820B-5E98280F197F}
	EndGlobalSection
EndGlobal
